// !$*UTF8*$!
{
	archiveVersion = 1;
	classes = {
	};
	objectVersion = 55;
	objects = {

/* Begin PBXBuildFile section */
		9B6467B326FDF902003A8047 /* MNIST.swift in Sources */ = {isa = PBXBuildFile; fileRef = 9B6467B226FDF902003A8047 /* MNIST.swift */; };
		9B6467B726FDFC2F003A8047 /* Bitmap.swift in Sources */ = {isa = PBXBuildFile; fileRef = 9B6467B626FDFC2F003A8047 /* Bitmap.swift */; };
		9B712615270093E100E61056 /* Shell.swift in Sources */ = {isa = PBXBuildFile; fileRef = 9B712614270093E100E61056 /* Shell.swift */; };
		9BDD647B26F1601100AE7A06 /* Assets.xcassets in Resources */ = {isa = PBXBuildFile; fileRef = 9BDD647A26F1601100AE7A06 /* Assets.xcassets */; };
		9BDD648826F1604300AE7A06 /* ContentView.swift in Sources */ = {isa = PBXBuildFile; fileRef = 9BDD648526F1604300AE7A06 /* ContentView.swift */; };
		9BDD648926F1604300AE7A06 /* Vector.swift in Sources */ = {isa = PBXBuildFile; fileRef = 9BDD648626F1604300AE7A06 /* Vector.swift */; };
		9BDD648A26F1604300AE7A06 /* Learner.swift in Sources */ = {isa = PBXBuildFile; fileRef = 9BDD648726F1604300AE7A06 /* Learner.swift */; };
		9BDD649D26F2B11800AE7A06 /* LogicGate.swift in Sources */ = {isa = PBXBuildFile; fileRef = 9BDD649C26F2B11700AE7A06 /* LogicGate.swift */; };
		9BDD64A126F2CEE900AE7A06 /* Plotter.swift in Sources */ = {isa = PBXBuildFile; fileRef = 9BDD64A026F2CEE900AE7A06 /* Plotter.swift */; };
		9BDD64A326F46DD000AE7A06 /* Tensor.swift in Sources */ = {isa = PBXBuildFile; fileRef = 9BDD64A226F46DD000AE7A06 /* Tensor.swift */; };
		9BDD64A526F49B7200AE7A06 /* Extension.swift in Sources */ = {isa = PBXBuildFile; fileRef = 9BDD64A426F49B7200AE7A06 /* Extension.swift */; };
/* End PBXBuildFile section */

/* Begin PBXFileReference section */
		9B6467B226FDF902003A8047 /* MNIST.swift */ = {isa = PBXFileReference; lastKnownFileType = sourcecode.swift; path = MNIST.swift; sourceTree = "<group>"; };
		9B6467B626FDFC2F003A8047 /* Bitmap.swift */ = {isa = PBXFileReference; lastKnownFileType = sourcecode.swift; path = Bitmap.swift; sourceTree = "<group>"; };
		9B712614270093E100E61056 /* Shell.swift */ = {isa = PBXFileReference; lastKnownFileType = sourcecode.swift; path = Shell.swift; sourceTree = "<group>"; };
		9BDD647326F1601000AE7A06 /* learner.app */ = {isa = PBXFileReference; explicitFileType = wrapper.application; includeInIndex = 0; path = learner.app; sourceTree = BUILT_PRODUCTS_DIR; };
		9BDD647A26F1601100AE7A06 /* Assets.xcassets */ = {isa = PBXFileReference; lastKnownFileType = folder.assetcatalog; path = Assets.xcassets; sourceTree = "<group>"; };
		9BDD648526F1604300AE7A06 /* ContentView.swift */ = {isa = PBXFileReference; fileEncoding = 4; lastKnownFileType = sourcecode.swift; path = ContentView.swift; sourceTree = "<group>"; };
		9BDD648626F1604300AE7A06 /* Vector.swift */ = {isa = PBXFileReference; fileEncoding = 4; lastKnownFileType = sourcecode.swift; path = Vector.swift; sourceTree = "<group>"; };
		9BDD648726F1604300AE7A06 /* Learner.swift */ = {isa = PBXFileReference; fileEncoding = 4; lastKnownFileType = sourcecode.swift; path = Learner.swift; sourceTree = "<group>"; };
		9BDD649A26F2193200AE7A06 /* Info.plist */ = {isa = PBXFileReference; lastKnownFileType = text.plist; path = Info.plist; sourceTree = "<group>"; };
		9BDD649B26F21B8000AE7A06 /* learner.entitlements */ = {isa = PBXFileReference; lastKnownFileType = text.plist.entitlements; path = learner.entitlements; sourceTree = "<group>"; };
		9BDD649C26F2B11700AE7A06 /* LogicGate.swift */ = {isa = PBXFileReference; lastKnownFileType = sourcecode.swift; path = LogicGate.swift; sourceTree = "<group>"; };
		9BDD64A026F2CEE900AE7A06 /* Plotter.swift */ = {isa = PBXFileReference; lastKnownFileType = sourcecode.swift; path = Plotter.swift; sourceTree = "<group>"; };
		9BDD64A226F46DD000AE7A06 /* Tensor.swift */ = {isa = PBXFileReference; lastKnownFileType = sourcecode.swift; path = Tensor.swift; sourceTree = "<group>"; };
		9BDD64A426F49B7200AE7A06 /* Extension.swift */ = {isa = PBXFileReference; lastKnownFileType = sourcecode.swift; path = Extension.swift; sourceTree = "<group>"; };
/* End PBXFileReference section */

/* Begin PBXFrameworksBuildPhase section */
		9BDD647026F1601000AE7A06 /* Frameworks */ = {
			isa = PBXFrameworksBuildPhase;
			buildActionMask = 2147483647;
			files = (
			);
			runOnlyForDeploymentPostprocessing = 0;
		};
/* End PBXFrameworksBuildPhase section */

/* Begin PBXGroup section */
		9BDD646A26F1601000AE7A06 = {
			isa = PBXGroup;
			children = (
				9BDD647526F1601000AE7A06 /* learner */,
				9BDD647426F1601000AE7A06 /* Products */,
			);
			sourceTree = "<group>";
		};
		9BDD647426F1601000AE7A06 /* Products */ = {
			isa = PBXGroup;
			children = (
				9BDD647326F1601000AE7A06 /* learner.app */,
			);
			name = Products;
			sourceTree = "<group>";
		};
		9BDD647526F1601000AE7A06 /* learner */ = {
			isa = PBXGroup;
			children = (
				9BDD649B26F21B8000AE7A06 /* learner.entitlements */,
				9BDD649A26F2193200AE7A06 /* Info.plist */,
				9BDD648726F1604300AE7A06 /* Learner.swift */,
				9BDD648526F1604300AE7A06 /* ContentView.swift */,
				9BDD64A226F46DD000AE7A06 /* Tensor.swift */,
				9BDD64A026F2CEE900AE7A06 /* Plotter.swift */,
				9BDD648626F1604300AE7A06 /* Vector.swift */,
				9B6467B626FDFC2F003A8047 /* Bitmap.swift */,
				9BDD64A426F49B7200AE7A06 /* Extension.swift */,
				9BDD649C26F2B11700AE7A06 /* LogicGate.swift */,
				9B6467B226FDF902003A8047 /* MNIST.swift */,
				9B712614270093E100E61056 /* Shell.swift */,
				9BDD647A26F1601100AE7A06 /* Assets.xcassets */,
			);
			path = learner;
			sourceTree = "<group>";
		};
/* End PBXGroup section */

/* Begin PBXNativeTarget section */
		9BDD647226F1601000AE7A06 /* learner */ = {
			isa = PBXNativeTarget;
			buildConfigurationList = 9BDD648126F1601100AE7A06 /* Build configuration list for PBXNativeTarget "learner" */;
			buildPhases = (
				9BDD646F26F1601000AE7A06 /* Sources */,
				9BDD647026F1601000AE7A06 /* Frameworks */,
				9BDD647126F1601000AE7A06 /* Resources */,
			);
			buildRules = (
			);
			dependencies = (
			);
			name = learner;
			packageProductDependencies = (
			);
			productName = learner;
			productReference = 9BDD647326F1601000AE7A06 /* learner.app */;
			productType = "com.apple.product-type.application";
		};
/* End PBXNativeTarget section */

/* Begin PBXProject section */
		9BDD646B26F1601000AE7A06 /* Project object */ = {
			isa = PBXProject;
			attributes = {
				BuildIndependentTargetsInParallel = 1;
				LastSwiftUpdateCheck = 1300;
				LastUpgradeCheck = 1300;
				TargetAttributes = {
					9BDD647226F1601000AE7A06 = {
						CreatedOnToolsVersion = 13.0;
						LastSwiftMigration = 1300;
					};
				};
			};
			buildConfigurationList = 9BDD646E26F1601000AE7A06 /* Build configuration list for PBXProject "learner" */;
			compatibilityVersion = "Xcode 13.0";
			developmentRegion = en;
			hasScannedForEncodings = 0;
			knownRegions = (
				en,
				Base,
			);
			mainGroup = 9BDD646A26F1601000AE7A06;
			packageReferences = (
			);
			productRefGroup = 9BDD647426F1601000AE7A06 /* Products */;
			projectDirPath = "";
			projectRoot = "";
			targets = (
				9BDD647226F1601000AE7A06 /* learner */,
			);
		};
/* End PBXProject section */

/* Begin PBXResourcesBuildPhase section */
		9BDD647126F1601000AE7A06 /* Resources */ = {
			isa = PBXResourcesBuildPhase;
			buildActionMask = 2147483647;
			files = (
				9BDD647B26F1601100AE7A06 /* Assets.xcassets in Resources */,
			);
			runOnlyForDeploymentPostprocessing = 0;
		};
/* End PBXResourcesBuildPhase section */

/* Begin PBXSourcesBuildPhase section */
		9BDD646F26F1601000AE7A06 /* Sources */ = {
			isa = PBXSourcesBuildPhase;
			buildActionMask = 2147483647;
			files = (
				9BDD64A326F46DD000AE7A06 /* Tensor.swift in Sources */,
				9B6467B326FDF902003A8047 /* MNIST.swift in Sources */,
				9B712615270093E100E61056 /* Shell.swift in Sources */,
				9BDD648926F1604300AE7A06 /* Vector.swift in Sources */,
				9BDD64A526F49B7200AE7A06 /* Extension.swift in Sources */,
				9BDD648826F1604300AE7A06 /* ContentView.swift in Sources */,
				9BDD649D26F2B11800AE7A06 /* LogicGate.swift in Sources */,
				9BDD64A126F2CEE900AE7A06 /* Plotter.swift in Sources */,
				9B6467B726FDFC2F003A8047 /* Bitmap.swift in Sources */,
				9BDD648A26F1604300AE7A06 /* Learner.swift in Sources */,
			);
			runOnlyForDeploymentPostprocessing = 0;
		};
/* End PBXSourcesBuildPhase section */

/* Begin XCBuildConfiguration section */
		9BDD647F26F1601100AE7A06 /* Debug */ = {
			isa = XCBuildConfiguration;
			buildSettings = {
				ALWAYS_SEARCH_USER_PATHS = NO;
				CLANG_ANALYZER_NONNULL = YES;
				CLANG_ANALYZER_NUMBER_OBJECT_CONVERSION = YES_AGGRESSIVE;
				CLANG_CXX_LANGUAGE_STANDARD = "gnu++17";
				CLANG_CXX_LIBRARY = "libc++";
				CLANG_ENABLE_MODULES = YES;
				CLANG_ENABLE_OBJC_ARC = YES;
				CLANG_ENABLE_OBJC_WEAK = YES;
				CLANG_WARN_BLOCK_CAPTURE_AUTORELEASING = YES;
				CLANG_WARN_BOOL_CONVERSION = YES;
				CLANG_WARN_COMMA = YES;
				CLANG_WARN_CONSTANT_CONVERSION = YES;
				CLANG_WARN_DEPRECATED_OBJC_IMPLEMENTATIONS = YES;
				CLANG_WARN_DIRECT_OBJC_ISA_USAGE = YES_ERROR;
				CLANG_WARN_DOCUMENTATION_COMMENTS = YES;
				CLANG_WARN_EMPTY_BODY = YES;
				CLANG_WARN_ENUM_CONVERSION = YES;
				CLANG_WARN_INFINITE_RECURSION = YES;
				CLANG_WARN_INT_CONVERSION = YES;
				CLANG_WARN_NON_LITERAL_NULL_CONVERSION = YES;
				CLANG_WARN_OBJC_IMPLICIT_RETAIN_SELF = YES;
				CLANG_WARN_OBJC_LITERAL_CONVERSION = YES;
				CLANG_WARN_OBJC_ROOT_CLASS = YES_ERROR;
				CLANG_WARN_QUOTED_INCLUDE_IN_FRAMEWORK_HEADER = YES;
				CLANG_WARN_RANGE_LOOP_ANALYSIS = YES;
				CLANG_WARN_STRICT_PROTOTYPES = YES;
				CLANG_WARN_SUSPICIOUS_MOVE = YES;
				CLANG_WARN_UNGUARDED_AVAILABILITY = YES_AGGRESSIVE;
				CLANG_WARN_UNREACHABLE_CODE = YES;
				CLANG_WARN__DUPLICATE_METHOD_MATCH = YES;
				COPY_PHASE_STRIP = NO;
				DEBUG_INFORMATION_FORMAT = dwarf;
				ENABLE_STRICT_OBJC_MSGSEND = YES;
				ENABLE_TESTABILITY = YES;
				GCC_C_LANGUAGE_STANDARD = gnu11;
				GCC_DYNAMIC_NO_PIC = NO;
				GCC_NO_COMMON_BLOCKS = YES;
				GCC_OPTIMIZATION_LEVEL = 0;
				GCC_PREPROCESSOR_DEFINITIONS = (
					"DEBUG=1",
					"$(inherited)",
				);
				GCC_WARN_64_TO_32_BIT_CONVERSION = YES;
				GCC_WARN_ABOUT_RETURN_TYPE = YES_ERROR;
				GCC_WARN_UNDECLARED_SELECTOR = YES;
				GCC_WARN_UNINITIALIZED_AUTOS = YES_AGGRESSIVE;
				GCC_WARN_UNUSED_FUNCTION = YES;
				GCC_WARN_UNUSED_VARIABLE = YES;
				MACOSX_DEPLOYMENT_TARGET = 11.5;
				MTL_ENABLE_DEBUG_INFO = INCLUDE_SOURCE;
				MTL_FAST_MATH = YES;
				ONLY_ACTIVE_ARCH = YES;
				SDKROOT = macosx;
				SWIFT_ACTIVE_COMPILATION_CONDITIONS = DEBUG;
				SWIFT_OPTIMIZATION_LEVEL = "-Onone";
			};
			name = Debug;
		};
		9BDD648026F1601100AE7A06 /* Release */ = {
			isa = XCBuildConfiguration;
			buildSettings = {
				ALWAYS_SEARCH_USER_PATHS = NO;
				CLANG_ANALYZER_NONNULL = YES;
				CLANG_ANALYZER_NUMBER_OBJECT_CONVERSION = YES_AGGRESSIVE;
				CLANG_CXX_LANGUAGE_STANDARD = "gnu++17";
				CLANG_CXX_LIBRARY = "libc++";
				CLANG_ENABLE_MODULES = YES;
				CLANG_ENABLE_OBJC_ARC = YES;
				CLANG_ENABLE_OBJC_WEAK = YES;
				CLANG_WARN_BLOCK_CAPTURE_AUTORELEASING = YES;
				CLANG_WARN_BOOL_CONVERSION = YES;
				CLANG_WARN_COMMA = YES;
				CLANG_WARN_CONSTANT_CONVERSION = YES;
				CLANG_WARN_DEPRECATED_OBJC_IMPLEMENTATIONS = YES;
				CLANG_WARN_DIRECT_OBJC_ISA_USAGE = YES_ERROR;
				CLANG_WARN_DOCUMENTATION_COMMENTS = YES;
				CLANG_WARN_EMPTY_BODY = YES;
				CLANG_WARN_ENUM_CONVERSION = YES;
				CLANG_WARN_INFINITE_RECURSION = YES;
				CLANG_WARN_INT_CONVERSION = YES;
				CLANG_WARN_NON_LITERAL_NULL_CONVERSION = YES;
				CLANG_WARN_OBJC_IMPLICIT_RETAIN_SELF = YES;
				CLANG_WARN_OBJC_LITERAL_CONVERSION = YES;
				CLANG_WARN_OBJC_ROOT_CLASS = YES_ERROR;
				CLANG_WARN_QUOTED_INCLUDE_IN_FRAMEWORK_HEADER = YES;
				CLANG_WARN_RANGE_LOOP_ANALYSIS = YES;
				CLANG_WARN_STRICT_PROTOTYPES = YES;
				CLANG_WARN_SUSPICIOUS_MOVE = YES;
				CLANG_WARN_UNGUARDED_AVAILABILITY = YES_AGGRESSIVE;
				CLANG_WARN_UNREACHABLE_CODE = YES;
				CLANG_WARN__DUPLICATE_METHOD_MATCH = YES;
				COPY_PHASE_STRIP = NO;
				DEBUG_INFORMATION_FORMAT = "dwarf-with-dsym";
				ENABLE_NS_ASSERTIONS = NO;
				ENABLE_STRICT_OBJC_MSGSEND = YES;
				GCC_C_LANGUAGE_STANDARD = gnu11;
				GCC_NO_COMMON_BLOCKS = YES;
				GCC_WARN_64_TO_32_BIT_CONVERSION = YES;
				GCC_WARN_ABOUT_RETURN_TYPE = YES_ERROR;
				GCC_WARN_UNDECLARED_SELECTOR = YES;
				GCC_WARN_UNINITIALIZED_AUTOS = YES_AGGRESSIVE;
				GCC_WARN_UNUSED_FUNCTION = YES;
				GCC_WARN_UNUSED_VARIABLE = YES;
				MACOSX_DEPLOYMENT_TARGET = 11.5;
				MTL_ENABLE_DEBUG_INFO = NO;
				MTL_FAST_MATH = YES;
				NSAppTransportSecurity = "";
				SDKROOT = macosx;
				SWIFT_COMPILATION_MODE = wholemodule;
				SWIFT_OPTIMIZATION_LEVEL = "-O";
			};
			name = Release;
		};
		9BDD648226F1601100AE7A06 /* Debug */ = {
			isa = XCBuildConfiguration;
			buildSettings = {
				ASSETCATALOG_COMPILER_APPICON_NAME = AppIcon;
				ASSETCATALOG_COMPILER_GLOBAL_ACCENT_COLOR_NAME = AccentColor;
				CLANG_ENABLE_MODULES = YES;
				CODE_SIGN_ENTITLEMENTS = learner/learner.entitlements;
				CODE_SIGN_STYLE = Automatic;
				COMBINE_HIDPI_IMAGES = YES;
				CURRENT_PROJECT_VERSION = 1;
				DEVELOPMENT_ASSET_PATHS = "";
				ENABLE_APP_SANDBOX = YES;
				ENABLE_PREVIEWS = YES;
				ENABLE_USER_SELECTED_FILES = readonly;
				GENERATE_INFOPLIST_FILE = YES;
				INFOPLIST_FILE = learner/Info.plist;
				INFOPLIST_KEY_NSHumanReadableCopyright = "";
				LD_RUNPATH_SEARCH_PATHS = (
					"$(inherited)",
					"@executable_path/../Frameworks",
				);
				MACOSX_DEPLOYMENT_TARGET = 11.0;
				MARKETING_VERSION = 1.0;
				PRODUCT_BUNDLE_IDENTIFIER = today.eastriver.learner;
				PRODUCT_NAME = "$(TARGET_NAME)";
				SWIFT_EMIT_LOC_STRINGS = YES;
				SWIFT_OBJC_BRIDGING_HEADER = "";
				SWIFT_OPTIMIZATION_LEVEL = "-Onone";
				SWIFT_VERSION = 5.0;
			};
			name = Debug;
		};
		9BDD648326F1601100AE7A06 /* Release */ = {
			isa = XCBuildConfiguration;
			buildSettings = {
				ASSETCATALOG_COMPILER_APPICON_NAME = AppIcon;
				ASSETCATALOG_COMPILER_GLOBAL_ACCENT_COLOR_NAME = AccentColor;
				CLANG_ENABLE_MODULES = YES;
				CODE_SIGN_ENTITLEMENTS = learner/learner.entitlements;
				CODE_SIGN_STYLE = Automatic;
				COMBINE_HIDPI_IMAGES = YES;
				CURRENT_PROJECT_VERSION = 1;
				DEVELOPMENT_ASSET_PATHS = "";
				ENABLE_APP_SANDBOX = YES;
				ENABLE_PREVIEWS = YES;
				ENABLE_USER_SELECTED_FILES = readonly;
				GENERATE_INFOPLIST_FILE = YES;
				INFOPLIST_FILE = learner/Info.plist;
				INFOPLIST_KEY_NSHumanReadableCopyright = "";
				LD_RUNPATH_SEARCH_PATHS = (
					"$(inherited)",
					"@executable_path/../Frameworks",
				);
				MACOSX_DEPLOYMENT_TARGET = 11.0;
				MARKETING_VERSION = 1.0;
				PRODUCT_BUNDLE_IDENTIFIER = today.eastriver.learner;
				PRODUCT_NAME = "$(TARGET_NAME)";
				SWIFT_EMIT_LOC_STRINGS = YES;
				SWIFT_OBJC_BRIDGING_HEADER = "";
				SWIFT_VERSION = 5.0;
			};
			name = Release;
		};
/* End XCBuildConfiguration section */

/* Begin XCConfigurationList section */
		9BDD646E26F1601000AE7A06 /* Build configuration list for PBXProject "learner" */ = {
			isa = XCConfigurationList;
			buildConfigurations = (
				9BDD647F26F1601100AE7A06 /* Debug */,
				9BDD648026F1601100AE7A06 /* Release */,
			);
			defaultConfigurationIsVisible = 0;
			defaultConfigurationName = Release;
		};
		9BDD648126F1601100AE7A06 /* Build configuration list for PBXNativeTarget "learner" */ = {
			isa = XCConfigurationList;
			buildConfigurations = (
				9BDD648226F1601100AE7A06 /* Debug */,
				9BDD648326F1601100AE7A06 /* Release */,
			);
			defaultConfigurationIsVisible = 0;
			defaultConfigurationName = Release;
		};
/* End XCConfigurationList section */
	};
	rootObject = 9BDD646B26F1601000AE7A06 /* Project object */;
}
